# 閿佹枃浠讹細discussion 鈥斺€?鐢?rules.md 绗?5 灞?+ docs/5-concurrency.md 鍗忚绠＄悊锛岃鍕挎墜鍔ㄤ贡鏀?# 鏍煎紡锛氭瘡涓椿璺冨啓閿佹寔鏈夎€呬竴琛? "W <agent> <UTC鏃堕棿鎴? <璺緞>"
#   W = 鍐欓攣锛堢嫭鍗犲叾璺緞鑼冨洿锛夛紱鏈粨搴撳彧鏈夊啓閿侊紝璇诲彇涓嶅姞閿侊紙瑙?docs/5-concurrency.md 5.2锛?# 鍙湁娉ㄩ噴 / 绌鸿 = 鏈姞閿?# 绉熺害锛氭椂闂存埑瓒呰繃 30 鍒嗛挓鏈洿鏂拌涓哄け鏁堬紝鍙鍒犻櫎骞舵姠鍗?# 鎷块攣 / 鏀鹃攣 / 缁 / push 琚嫆鍥為€€鐨勫畬鏁存楠よ docs/5-concurrency.md
